
Microsoft Visual Studio Solution File, Format Version 12.00
# Visual Studio Version 17
VisualStudioVersion = 17.9.34728.123
MinimumVisualStudioVersion = 10.0.40219.1
Project("{FAE04EC0-301F-11D3-BF4B-00C04F79EFBC}") = "Lookup", "Lookup\Lookup.csproj", "{6E4C2516-5A2C-44F0-8E07-ECEB347FB37A}"
EndProject
Global
	GlobalSection(SolutionConfigurationPlatforms) = preSolution
		Debug|Any CPU = Debug|Any CPU
		Release|Any CPU = Release|Any CPU
	EndGlobalSection
	GlobalSection(ProjectConfigurationPlatforms) = postSolution
		{6E4C2516-5A2C-44F0-8E07-ECEB347FB37A}.Debug|Any CPU.ActiveCfg = Debug|Any CPU
		{6E4C2516-5A2C-44F0-8E07-ECEB347FB37A}.Debug|Any CPU.Build.0 = Debug|Any CPU
		{6E4C2516-5A2C-44F0-8E07-ECEB347FB37A}.Release|Any CPU.ActiveCfg = Release|Any CPU
		{6E4C2516-5A2C-44F0-8E07-ECEB347FB37A}.Release|Any CPU.Build.0 = Release|Any CPU
	EndGlobalSection
	GlobalSection(SolutionProperties) = preSolution
		HideSolutionNode = FALSE
	EndGlobalSection
	GlobalSection(ExtensibilityGlobals) = postSolution
		SolutionGuid = {8D8C0324-6D0D-468A-A300-D669A876613D}
	EndGlobalSection
EndGlobal
