
Microsoft Visual Studio Solution File, Format Version 12.00
# Visual Studio Version 17
VisualStudioVersion = 17.9.34728.123
MinimumVisualStudioVersion = 10.0.40219.1
Project("{FAE04EC0-301F-11D3-BF4B-00C04F79EFBC}") = "BlazorizeExperiments", "BlazorizeExperiments\BlazorizeExperiments.csproj", "{09DE332B-6398-4A1D-BADF-3DF47944E544}"
EndProject
Global
	GlobalSection(SolutionConfigurationPlatforms) = preSolution
		Debug|Any CPU = Debug|Any CPU
		Release|Any CPU = Release|Any CPU
	EndGlobalSection
	GlobalSection(ProjectConfigurationPlatforms) = postSolution
		{09DE332B-6398-4A1D-BADF-3DF47944E544}.Debug|Any CPU.ActiveCfg = Debug|Any CPU
		{09DE332B-6398-4A1D-BADF-3DF47944E544}.Debug|Any CPU.Build.0 = Debug|Any CPU
		{09DE332B-6398-4A1D-BADF-3DF47944E544}.Release|Any CPU.ActiveCfg = Release|Any CPU
		{09DE332B-6398-4A1D-BADF-3DF47944E544}.Release|Any CPU.Build.0 = Release|Any CPU
	EndGlobalSection
	GlobalSection(SolutionProperties) = preSolution
		HideSolutionNode = FALSE
	EndGlobalSection
	GlobalSection(ExtensibilityGlobals) = postSolution
		SolutionGuid = {D65320BF-B212-4AE2-9C38-C7ACC08797CB}
	EndGlobalSection
EndGlobal
