
Microsoft Visual Studio Solution File, Format Version 12.00
# Visual Studio Version 17
VisualStudioVersion = 17.9.34728.123
MinimumVisualStudioVersion = 10.0.40219.1
Project("{FAE04EC0-301F-11D3-BF4B-00C04F79EFBC}") = "CascadingDropdowns", "CascadingDropdowns\CascadingDropdowns.csproj", "{C284B685-2269-4074-9C43-4415081A573D}"
EndProject
Global
	GlobalSection(SolutionConfigurationPlatforms) = preSolution
		Debug|Any CPU = Debug|Any CPU
		Release|Any CPU = Release|Any CPU
	EndGlobalSection
	GlobalSection(ProjectConfigurationPlatforms) = postSolution
		{C284B685-2269-4074-9C43-4415081A573D}.Debug|Any CPU.ActiveCfg = Debug|Any CPU
		{C284B685-2269-4074-9C43-4415081A573D}.Debug|Any CPU.Build.0 = Debug|Any CPU
		{C284B685-2269-4074-9C43-4415081A573D}.Release|Any CPU.ActiveCfg = Release|Any CPU
		{C284B685-2269-4074-9C43-4415081A573D}.Release|Any CPU.Build.0 = Release|Any CPU
	EndGlobalSection
	GlobalSection(SolutionProperties) = preSolution
		HideSolutionNode = FALSE
	EndGlobalSection
	GlobalSection(ExtensibilityGlobals) = postSolution
		SolutionGuid = {76AE75C2-62CC-4C67-AAD1-8753B49A46C7}
	EndGlobalSection
EndGlobal
