
Microsoft Visual Studio Solution File, Format Version 12.00
# Visual Studio Version 17
VisualStudioVersion = 17.9.34723.18
MinimumVisualStudioVersion = 10.0.40219.1
Project("{9A19103F-16F7-4668-BE54-9A1E7A4F7556}") = "LifecycleMethods", "LifecycleMethods\LifecycleMethods.csproj", "{1C618C6A-7F7F-4E49-9456-1CEB0AEEFAAD}"
EndProject
Global
	GlobalSection(SolutionConfigurationPlatforms) = preSolution
		Debug|Any CPU = Debug|Any CPU
		Release|Any CPU = Release|Any CPU
	EndGlobalSection
	GlobalSection(ProjectConfigurationPlatforms) = postSolution
		{1C618C6A-7F7F-4E49-9456-1CEB0AEEFAAD}.Debug|Any CPU.ActiveCfg = Debug|Any CPU
		{1C618C6A-7F7F-4E49-9456-1CEB0AEEFAAD}.Debug|Any CPU.Build.0 = Debug|Any CPU
		{1C618C6A-7F7F-4E49-9456-1CEB0AEEFAAD}.Release|Any CPU.ActiveCfg = Release|Any CPU
		{1C618C6A-7F7F-4E49-9456-1CEB0AEEFAAD}.Release|Any CPU.Build.0 = Release|Any CPU
	EndGlobalSection
	GlobalSection(SolutionProperties) = preSolution
		HideSolutionNode = FALSE
	EndGlobalSection
	GlobalSection(ExtensibilityGlobals) = postSolution
		SolutionGuid = {B648A397-415A-49B0-810D-1351804652C4}
	EndGlobalSection
EndGlobal
