
Microsoft Visual Studio Solution File, Format Version 12.00
# Visual Studio Version 17
VisualStudioVersion = 17.10.34928.147
MinimumVisualStudioVersion = 10.0.40219.1
Project("{FAE04EC0-301F-11D3-BF4B-00C04F79EFBC}") = "Budget", "Budget\Budget.csproj", "{D0FA6705-1847-4289-8A96-3C90FFE313BB}"
EndProject
Global
	GlobalSection(SolutionConfigurationPlatforms) = preSolution
		Debug|Any CPU = Debug|Any CPU
		Release|Any CPU = Release|Any CPU
	EndGlobalSection
	GlobalSection(ProjectConfigurationPlatforms) = postSolution
		{D0FA6705-1847-4289-8A96-3C90FFE313BB}.Debug|Any CPU.ActiveCfg = Debug|Any CPU
		{D0FA6705-1847-4289-8A96-3C90FFE313BB}.Debug|Any CPU.Build.0 = Debug|Any CPU
		{D0FA6705-1847-4289-8A96-3C90FFE313BB}.Release|Any CPU.ActiveCfg = Release|Any CPU
		{D0FA6705-1847-4289-8A96-3C90FFE313BB}.Release|Any CPU.Build.0 = Release|Any CPU
	EndGlobalSection
	GlobalSection(SolutionProperties) = preSolution
		HideSolutionNode = FALSE
	EndGlobalSection
	GlobalSection(ExtensibilityGlobals) = postSolution
		SolutionGuid = {B093E57D-CB84-4E9C-A72D-0204A8E84588}
	EndGlobalSection
EndGlobal
