
Microsoft Visual Studio Solution File, Format Version 12.00
# Visual Studio Version 17
VisualStudioVersion = 17.0.31903.59
MinimumVisualStudioVersion = 10.0.40219.1
Project("{2150E333-8FDC-42A3-9474-1A3956D46DE8}") = "frontend", "frontend", "{25D41BAC-E234-4EAD-87ED-5D816BF0E1D8}"
EndProject
Project("{9A19103F-16F7-4668-BE54-9A1E7A4F7556}") = "BlazorUI", "frontend\BlazorUI\BlazorUI.csproj", "{1D8ED9F7-9EC6-40A6-A26C-617D9234CB4C}"
EndProject
Project("{2150E333-8FDC-42A3-9474-1A3956D46DE8}") = "src", "src", "{A0727510-AE49-44FE-8939-C58E9094F6BF}"
EndProject
Project("{9A19103F-16F7-4668-BE54-9A1E7A4F7556}") = "Domain", "src\Domain\Domain.csproj", "{BF41BE16-5BF7-4D76-8406-41926BD37518}"
EndProject
Project("{9A19103F-16F7-4668-BE54-9A1E7A4F7556}") = "DataAccess", "src\DataAccess\DataAccess.csproj", "{F65E5C11-B982-4D84-848F-5CCE2A0FE1AA}"
EndProject
Project("{9A19103F-16F7-4668-BE54-9A1E7A4F7556}") = "Application", "src\Application\Application.csproj", "{BD9C7089-A431-4FEB-900F-3E45DA3025B7}"
EndProject
Project("{9A19103F-16F7-4668-BE54-9A1E7A4F7556}") = "WebAPI", "src\WebAPI\WebAPI.csproj", "{7774152F-7F00-4302-BB6B-E8370421AE5A}"
EndProject
Project("{2150E333-8FDC-42A3-9474-1A3956D46DE8}") = "tests", "tests", "{D166AF15-75E9-4B9B-8640-9D0734EAEA20}"
EndProject
Project("{9A19103F-16F7-4668-BE54-9A1E7A4F7556}") = "UnitTests", "tests\UnitTests\UnitTests.csproj", "{779044FB-EF7B-4134-B228-C942F87838CC}"
EndProject
Project("{9A19103F-16F7-4668-BE54-9A1E7A4F7556}") = "IntegrationTests", "tests\IntegrationTests\IntegrationTests.csproj", "{31ED1413-4F97-4327-A500-FA6DE228665D}"
EndProject
Project("{9A19103F-16F7-4668-BE54-9A1E7A4F7556}") = "Concretions", "src\Concretions\Concretions.csproj", "{CABA5D5C-CCE8-41B3-BB02-E804F43C4B47}"
EndProject
Global
	GlobalSection(SolutionConfigurationPlatforms) = preSolution
		Debug|Any CPU = Debug|Any CPU
		Release|Any CPU = Release|Any CPU
	EndGlobalSection
	GlobalSection(ProjectConfigurationPlatforms) = postSolution
		{1D8ED9F7-9EC6-40A6-A26C-617D9234CB4C}.Debug|Any CPU.ActiveCfg = Debug|Any CPU
		{1D8ED9F7-9EC6-40A6-A26C-617D9234CB4C}.Debug|Any CPU.Build.0 = Debug|Any CPU
		{1D8ED9F7-9EC6-40A6-A26C-617D9234CB4C}.Release|Any CPU.ActiveCfg = Release|Any CPU
		{1D8ED9F7-9EC6-40A6-A26C-617D9234CB4C}.Release|Any CPU.Build.0 = Release|Any CPU
		{BF41BE16-5BF7-4D76-8406-41926BD37518}.Debug|Any CPU.ActiveCfg = Debug|Any CPU
		{BF41BE16-5BF7-4D76-8406-41926BD37518}.Debug|Any CPU.Build.0 = Debug|Any CPU
		{BF41BE16-5BF7-4D76-8406-41926BD37518}.Release|Any CPU.ActiveCfg = Release|Any CPU
		{BF41BE16-5BF7-4D76-8406-41926BD37518}.Release|Any CPU.Build.0 = Release|Any CPU
		{F65E5C11-B982-4D84-848F-5CCE2A0FE1AA}.Debug|Any CPU.ActiveCfg = Debug|Any CPU
		{F65E5C11-B982-4D84-848F-5CCE2A0FE1AA}.Debug|Any CPU.Build.0 = Debug|Any CPU
		{F65E5C11-B982-4D84-848F-5CCE2A0FE1AA}.Release|Any CPU.ActiveCfg = Release|Any CPU
		{F65E5C11-B982-4D84-848F-5CCE2A0FE1AA}.Release|Any CPU.Build.0 = Release|Any CPU
		{BD9C7089-A431-4FEB-900F-3E45DA3025B7}.Debug|Any CPU.ActiveCfg = Debug|Any CPU
		{BD9C7089-A431-4FEB-900F-3E45DA3025B7}.Debug|Any CPU.Build.0 = Debug|Any CPU
		{BD9C7089-A431-4FEB-900F-3E45DA3025B7}.Release|Any CPU.ActiveCfg = Release|Any CPU
		{BD9C7089-A431-4FEB-900F-3E45DA3025B7}.Release|Any CPU.Build.0 = Release|Any CPU
		{7774152F-7F00-4302-BB6B-E8370421AE5A}.Debug|Any CPU.ActiveCfg = Debug|Any CPU
		{7774152F-7F00-4302-BB6B-E8370421AE5A}.Debug|Any CPU.Build.0 = Debug|Any CPU
		{7774152F-7F00-4302-BB6B-E8370421AE5A}.Release|Any CPU.ActiveCfg = Release|Any CPU
		{7774152F-7F00-4302-BB6B-E8370421AE5A}.Release|Any CPU.Build.0 = Release|Any CPU
		{779044FB-EF7B-4134-B228-C942F87838CC}.Debug|Any CPU.ActiveCfg = Debug|Any CPU
		{779044FB-EF7B-4134-B228-C942F87838CC}.Debug|Any CPU.Build.0 = Debug|Any CPU
		{779044FB-EF7B-4134-B228-C942F87838CC}.Release|Any CPU.ActiveCfg = Release|Any CPU
		{779044FB-EF7B-4134-B228-C942F87838CC}.Release|Any CPU.Build.0 = Release|Any CPU
		{31ED1413-4F97-4327-A500-FA6DE228665D}.Debug|Any CPU.ActiveCfg = Debug|Any CPU
		{31ED1413-4F97-4327-A500-FA6DE228665D}.Debug|Any CPU.Build.0 = Debug|Any CPU
		{31ED1413-4F97-4327-A500-FA6DE228665D}.Release|Any CPU.ActiveCfg = Release|Any CPU
		{31ED1413-4F97-4327-A500-FA6DE228665D}.Release|Any CPU.Build.0 = Release|Any CPU
		{CABA5D5C-CCE8-41B3-BB02-E804F43C4B47}.Debug|Any CPU.ActiveCfg = Debug|Any CPU
		{CABA5D5C-CCE8-41B3-BB02-E804F43C4B47}.Debug|Any CPU.Build.0 = Debug|Any CPU
		{CABA5D5C-CCE8-41B3-BB02-E804F43C4B47}.Release|Any CPU.ActiveCfg = Release|Any CPU
		{CABA5D5C-CCE8-41B3-BB02-E804F43C4B47}.Release|Any CPU.Build.0 = Release|Any CPU
	EndGlobalSection
	GlobalSection(SolutionProperties) = preSolution
		HideSolutionNode = FALSE
	EndGlobalSection
	GlobalSection(NestedProjects) = preSolution
		{1D8ED9F7-9EC6-40A6-A26C-617D9234CB4C} = {25D41BAC-E234-4EAD-87ED-5D816BF0E1D8}
		{BF41BE16-5BF7-4D76-8406-41926BD37518} = {A0727510-AE49-44FE-8939-C58E9094F6BF}
		{F65E5C11-B982-4D84-848F-5CCE2A0FE1AA} = {A0727510-AE49-44FE-8939-C58E9094F6BF}
		{BD9C7089-A431-4FEB-900F-3E45DA3025B7} = {A0727510-AE49-44FE-8939-C58E9094F6BF}
		{7774152F-7F00-4302-BB6B-E8370421AE5A} = {A0727510-AE49-44FE-8939-C58E9094F6BF}
		{779044FB-EF7B-4134-B228-C942F87838CC} = {D166AF15-75E9-4B9B-8640-9D0734EAEA20}
		{31ED1413-4F97-4327-A500-FA6DE228665D} = {D166AF15-75E9-4B9B-8640-9D0734EAEA20}
		{CABA5D5C-CCE8-41B3-BB02-E804F43C4B47} = {A0727510-AE49-44FE-8939-C58E9094F6BF}
	EndGlobalSection
	GlobalSection(ExtensibilityGlobals) = postSolution
		SolutionGuid = {3AF13735-401B-4824-A191-F5BFBDFBACB6}
	EndGlobalSection
EndGlobal
