
Microsoft Visual Studio Solution File, Format Version 12.00
# Visual Studio Version 17
VisualStudioVersion = 17.9.34728.123
MinimumVisualStudioVersion = 10.0.40219.1
Project("{FAE04EC0-301F-11D3-BF4B-00C04F79EFBC}") = "RadzenExperiments", "RadzenExperiments\RadzenExperiments.csproj", "{F1242A14-85F1-4501-B2D1-F1AD16FF8804}"
EndProject
Global
	GlobalSection(SolutionConfigurationPlatforms) = preSolution
		Debug|Any CPU = Debug|Any CPU
		Release|Any CPU = Release|Any CPU
	EndGlobalSection
	GlobalSection(ProjectConfigurationPlatforms) = postSolution
		{F1242A14-85F1-4501-B2D1-F1AD16FF8804}.Debug|Any CPU.ActiveCfg = Debug|Any CPU
		{F1242A14-85F1-4501-B2D1-F1AD16FF8804}.Debug|Any CPU.Build.0 = Debug|Any CPU
		{F1242A14-85F1-4501-B2D1-F1AD16FF8804}.Release|Any CPU.ActiveCfg = Release|Any CPU
		{F1242A14-85F1-4501-B2D1-F1AD16FF8804}.Release|Any CPU.Build.0 = Release|Any CPU
	EndGlobalSection
	GlobalSection(SolutionProperties) = preSolution
		HideSolutionNode = FALSE
	EndGlobalSection
	GlobalSection(ExtensibilityGlobals) = postSolution
		SolutionGuid = {CAD91F4C-D01D-4A5A-B6B6-70F050E2B0C7}
	EndGlobalSection
EndGlobal
