
Microsoft Visual Studio Solution File, Format Version 12.00
# Visual Studio Version 17
VisualStudioVersion = 17.10.34928.147
MinimumVisualStudioVersion = 10.0.40219.1
Project("{FAE04EC0-301F-11D3-BF4B-00C04F79EFBC}") = "NewsPortal", "NewsPortal\NewsPortal.csproj", "{F89FA5D9-1414-44E2-8597-F8FEDA4C9D68}"
EndProject
Global
	GlobalSection(SolutionConfigurationPlatforms) = preSolution
		Debug|Any CPU = Debug|Any CPU
		Release|Any CPU = Release|Any CPU
	EndGlobalSection
	GlobalSection(ProjectConfigurationPlatforms) = postSolution
		{F89FA5D9-1414-44E2-8597-F8FEDA4C9D68}.Debug|Any CPU.ActiveCfg = Debug|Any CPU
		{F89FA5D9-1414-44E2-8597-F8FEDA4C9D68}.Debug|Any CPU.Build.0 = Debug|Any CPU
		{F89FA5D9-1414-44E2-8597-F8FEDA4C9D68}.Release|Any CPU.ActiveCfg = Release|Any CPU
		{F89FA5D9-1414-44E2-8597-F8FEDA4C9D68}.Release|Any CPU.Build.0 = Release|Any CPU
	EndGlobalSection
	GlobalSection(SolutionProperties) = preSolution
		HideSolutionNode = FALSE
	EndGlobalSection
	GlobalSection(ExtensibilityGlobals) = postSolution
		SolutionGuid = {A445FC5E-9610-4015-87E4-B97E939DA0BA}
	EndGlobalSection
EndGlobal
