
Microsoft Visual Studio Solution File, Format Version 12.00
# Visual Studio Version 17
VisualStudioVersion = 17.10.34928.147
MinimumVisualStudioVersion = 10.0.40219.1
Project("{FAE04EC0-301F-11D3-BF4B-00C04F79EFBC}") = "FileUploadsSSR", "FileUploadsSSR\FileUploadsSSR.csproj", "{B4EBE801-394E-4123-9DF9-4F991CCC2091}"
EndProject
Global
	GlobalSection(SolutionConfigurationPlatforms) = preSolution
		Debug|Any CPU = Debug|Any CPU
		Release|Any CPU = Release|Any CPU
	EndGlobalSection
	GlobalSection(ProjectConfigurationPlatforms) = postSolution
		{B4EBE801-394E-4123-9DF9-4F991CCC2091}.Debug|Any CPU.ActiveCfg = Debug|Any CPU
		{B4EBE801-394E-4123-9DF9-4F991CCC2091}.Debug|Any CPU.Build.0 = Debug|Any CPU
		{B4EBE801-394E-4123-9DF9-4F991CCC2091}.Release|Any CPU.ActiveCfg = Release|Any CPU
		{B4EBE801-394E-4123-9DF9-4F991CCC2091}.Release|Any CPU.Build.0 = Release|Any CPU
	EndGlobalSection
	GlobalSection(SolutionProperties) = preSolution
		HideSolutionNode = FALSE
	EndGlobalSection
	GlobalSection(ExtensibilityGlobals) = postSolution
		SolutionGuid = {615E3DAE-952D-4D63-A1D6-2E725376AA3D}
	EndGlobalSection
EndGlobal
