
Microsoft Visual Studio Solution File, Format Version 12.00
# Visual Studio Version 17
VisualStudioVersion = 17.9.34728.123
MinimumVisualStudioVersion = 10.0.40219.1
Project("{9A19103F-16F7-4668-BE54-9A1E7A4F7556}") = "SnailGame", "SnailGame\SnailGame.csproj", "{969E0C3F-E312-4389-9AC0-F45BF2516881}"
EndProject
Global
	GlobalSection(SolutionConfigurationPlatforms) = preSolution
		Debug|Any CPU = Debug|Any CPU
		Release|Any CPU = Release|Any CPU
	EndGlobalSection
	GlobalSection(ProjectConfigurationPlatforms) = postSolution
		{969E0C3F-E312-4389-9AC0-F45BF2516881}.Debug|Any CPU.ActiveCfg = Debug|Any CPU
		{969E0C3F-E312-4389-9AC0-F45BF2516881}.Debug|Any CPU.Build.0 = Debug|Any CPU
		{969E0C3F-E312-4389-9AC0-F45BF2516881}.Release|Any CPU.ActiveCfg = Release|Any CPU
		{969E0C3F-E312-4389-9AC0-F45BF2516881}.Release|Any CPU.Build.0 = Release|Any CPU
	EndGlobalSection
	GlobalSection(SolutionProperties) = preSolution
		HideSolutionNode = FALSE
	EndGlobalSection
	GlobalSection(ExtensibilityGlobals) = postSolution
		SolutionGuid = {59EBD88E-1688-489F-BBF1-528B94CE2031}
	EndGlobalSection
EndGlobal
