
Microsoft Visual Studio Solution File, Format Version 12.00
# Visual Studio Version 17
VisualStudioVersion = 17.9.34728.123
MinimumVisualStudioVersion = 10.0.40219.1
Project("{FAE04EC0-301F-11D3-BF4B-00C04F79EFBC}") = "ShakespearTranslator", "ShakespearTranslator\ShakespearTranslator.csproj", "{1D132425-5F49-4A87-9AEB-C3BEC0117E96}"
EndProject
Global
	GlobalSection(SolutionConfigurationPlatforms) = preSolution
		Debug|Any CPU = Debug|Any CPU
		Release|Any CPU = Release|Any CPU
	EndGlobalSection
	GlobalSection(ProjectConfigurationPlatforms) = postSolution
		{1D132425-5F49-4A87-9AEB-C3BEC0117E96}.Debug|Any CPU.ActiveCfg = Debug|Any CPU
		{1D132425-5F49-4A87-9AEB-C3BEC0117E96}.Debug|Any CPU.Build.0 = Debug|Any CPU
		{1D132425-5F49-4A87-9AEB-C3BEC0117E96}.Release|Any CPU.ActiveCfg = Release|Any CPU
		{1D132425-5F49-4A87-9AEB-C3BEC0117E96}.Release|Any CPU.Build.0 = Release|Any CPU
	EndGlobalSection
	GlobalSection(SolutionProperties) = preSolution
		HideSolutionNode = FALSE
	EndGlobalSection
	GlobalSection(ExtensibilityGlobals) = postSolution
		SolutionGuid = {A09DBB11-06D6-4E37-84D0-8EABBA09C18F}
	EndGlobalSection
EndGlobal
