
Microsoft Visual Studio Solution File, Format Version 12.00
# Visual Studio Version 17
VisualStudioVersion = 17.9.34723.18
MinimumVisualStudioVersion = 10.0.40219.1
Project("{9A19103F-16F7-4668-BE54-9A1E7A4F7556}") = "VideoGameManager", "VideoGameManager\VideoGameManager\VideoGameManager.csproj", "{C729F620-665E-42B7-B409-8F0D38293879}"
EndProject
Project("{9A19103F-16F7-4668-BE54-9A1E7A4F7556}") = "VideoGameManager.Client", "VideoGameManager\VideoGameManager.Client\VideoGameManager.Client.csproj", "{E744750F-D69B-457B-A451-18DE4B416CC0}"
EndProject
Project("{9A19103F-16F7-4668-BE54-9A1E7A4F7556}") = "VideoGamesManager.Shared", "VideoGamesManager.Shared\VideoGamesManager.Shared.csproj", "{9B9AF916-1D94-4C8A-99F1-4680CD8C27C6}"
EndProject
Global
	GlobalSection(SolutionConfigurationPlatforms) = preSolution
		Debug|Any CPU = Debug|Any CPU
		Release|Any CPU = Release|Any CPU
	EndGlobalSection
	GlobalSection(ProjectConfigurationPlatforms) = postSolution
		{C729F620-665E-42B7-B409-8F0D38293879}.Debug|Any CPU.ActiveCfg = Debug|Any CPU
		{C729F620-665E-42B7-B409-8F0D38293879}.Debug|Any CPU.Build.0 = Debug|Any CPU
		{C729F620-665E-42B7-B409-8F0D38293879}.Release|Any CPU.ActiveCfg = Release|Any CPU
		{C729F620-665E-42B7-B409-8F0D38293879}.Release|Any CPU.Build.0 = Release|Any CPU
		{E744750F-D69B-457B-A451-18DE4B416CC0}.Debug|Any CPU.ActiveCfg = Debug|Any CPU
		{E744750F-D69B-457B-A451-18DE4B416CC0}.Debug|Any CPU.Build.0 = Debug|Any CPU
		{E744750F-D69B-457B-A451-18DE4B416CC0}.Release|Any CPU.ActiveCfg = Release|Any CPU
		{E744750F-D69B-457B-A451-18DE4B416CC0}.Release|Any CPU.Build.0 = Release|Any CPU
		{9B9AF916-1D94-4C8A-99F1-4680CD8C27C6}.Debug|Any CPU.ActiveCfg = Debug|Any CPU
		{9B9AF916-1D94-4C8A-99F1-4680CD8C27C6}.Debug|Any CPU.Build.0 = Debug|Any CPU
		{9B9AF916-1D94-4C8A-99F1-4680CD8C27C6}.Release|Any CPU.ActiveCfg = Release|Any CPU
		{9B9AF916-1D94-4C8A-99F1-4680CD8C27C6}.Release|Any CPU.Build.0 = Release|Any CPU
	EndGlobalSection
	GlobalSection(SolutionProperties) = preSolution
		HideSolutionNode = FALSE
	EndGlobalSection
	GlobalSection(ExtensibilityGlobals) = postSolution
		SolutionGuid = {73257BE0-F33D-4E67-B028-04A47D1853D8}
	EndGlobalSection
EndGlobal
