
Microsoft Visual Studio Solution File, Format Version 12.00
# Visual Studio Version 17
VisualStudioVersion = 17.9.34723.18
MinimumVisualStudioVersion = 10.0.40219.1
Project("{FAE04EC0-301F-11D3-BF4B-00C04F79EFBC}") = "EnhancedNavigation", "EnhancedNavigation\EnhancedNavigation.csproj", "{DC8314DA-1419-4887-AE8E-FEE7EB92FCDA}"
EndProject
Global
	GlobalSection(SolutionConfigurationPlatforms) = preSolution
		Debug|Any CPU = Debug|Any CPU
		Release|Any CPU = Release|Any CPU
	EndGlobalSection
	GlobalSection(ProjectConfigurationPlatforms) = postSolution
		{DC8314DA-1419-4887-AE8E-FEE7EB92FCDA}.Debug|Any CPU.ActiveCfg = Debug|Any CPU
		{DC8314DA-1419-4887-AE8E-FEE7EB92FCDA}.Debug|Any CPU.Build.0 = Debug|Any CPU
		{DC8314DA-1419-4887-AE8E-FEE7EB92FCDA}.Release|Any CPU.ActiveCfg = Release|Any CPU
		{DC8314DA-1419-4887-AE8E-FEE7EB92FCDA}.Release|Any CPU.Build.0 = Release|Any CPU
	EndGlobalSection
	GlobalSection(SolutionProperties) = preSolution
		HideSolutionNode = FALSE
	EndGlobalSection
	GlobalSection(ExtensibilityGlobals) = postSolution
		SolutionGuid = {C96ED58E-C6A1-4A3F-9E52-3B8FCF584D51}
	EndGlobalSection
EndGlobal
