
Microsoft Visual Studio Solution File, Format Version 12.00
# Visual Studio Version 17
VisualStudioVersion = 17.9.34728.123
MinimumVisualStudioVersion = 10.0.40219.1
Project("{9A19103F-16F7-4668-BE54-9A1E7A4F7556}") = "ToDoApp", "ToDoApp\ToDoApp.csproj", "{66169401-80F9-4858-811F-800B28E1D94C}"
EndProject
Global
	GlobalSection(SolutionConfigurationPlatforms) = preSolution
		Debug|Any CPU = Debug|Any CPU
		Release|Any CPU = Release|Any CPU
	EndGlobalSection
	GlobalSection(ProjectConfigurationPlatforms) = postSolution
		{66169401-80F9-4858-811F-800B28E1D94C}.Debug|Any CPU.ActiveCfg = Debug|Any CPU
		{66169401-80F9-4858-811F-800B28E1D94C}.Debug|Any CPU.Build.0 = Debug|Any CPU
		{66169401-80F9-4858-811F-800B28E1D94C}.Release|Any CPU.ActiveCfg = Release|Any CPU
		{66169401-80F9-4858-811F-800B28E1D94C}.Release|Any CPU.Build.0 = Release|Any CPU
	EndGlobalSection
	GlobalSection(SolutionProperties) = preSolution
		HideSolutionNode = FALSE
	EndGlobalSection
	GlobalSection(ExtensibilityGlobals) = postSolution
		SolutionGuid = {CD8960C5-F313-4139-A0D1-CEF029D07815}
	EndGlobalSection
EndGlobal
