
Microsoft Visual Studio Solution File, Format Version 12.00
# Visual Studio Version 17
VisualStudioVersion = 17.10.34928.147
MinimumVisualStudioVersion = 10.0.40219.1
Project("{FAE04EC0-301F-11D3-BF4B-00C04F79EFBC}") = "Gallery", "Gallery\Gallery.csproj", "{A1D7FE93-E490-48E1-8503-F041145C79C8}"
EndProject
Global
	GlobalSection(SolutionConfigurationPlatforms) = preSolution
		Debug|Any CPU = Debug|Any CPU
		Release|Any CPU = Release|Any CPU
	EndGlobalSection
	GlobalSection(ProjectConfigurationPlatforms) = postSolution
		{A1D7FE93-E490-48E1-8503-F041145C79C8}.Debug|Any CPU.ActiveCfg = Debug|Any CPU
		{A1D7FE93-E490-48E1-8503-F041145C79C8}.Debug|Any CPU.Build.0 = Debug|Any CPU
		{A1D7FE93-E490-48E1-8503-F041145C79C8}.Release|Any CPU.ActiveCfg = Release|Any CPU
		{A1D7FE93-E490-48E1-8503-F041145C79C8}.Release|Any CPU.Build.0 = Release|Any CPU
	EndGlobalSection
	GlobalSection(SolutionProperties) = preSolution
		HideSolutionNode = FALSE
	EndGlobalSection
	GlobalSection(ExtensibilityGlobals) = postSolution
		SolutionGuid = {118FA1E1-3238-4720-BB82-1C62CEE5CC1A}
	EndGlobalSection
EndGlobal
