
Microsoft Visual Studio Solution File, Format Version 12.00
# Visual Studio Version 17
VisualStudioVersion = 17.9.34728.123
MinimumVisualStudioVersion = 10.0.40219.1
Project("{FAE04EC0-301F-11D3-BF4B-00C04F79EFBC}") = "MAUIBlazorHybrid", "MAUIBlazorHybrid\MAUIBlazorHybrid.csproj", "{06408BC6-432D-44DE-92FD-B82DF9EB96C9}"
EndProject
Global
	GlobalSection(SolutionConfigurationPlatforms) = preSolution
		Debug|Any CPU = Debug|Any CPU
		Release|Any CPU = Release|Any CPU
	EndGlobalSection
	GlobalSection(ProjectConfigurationPlatforms) = postSolution
		{06408BC6-432D-44DE-92FD-B82DF9EB96C9}.Debug|Any CPU.ActiveCfg = Debug|Any CPU
		{06408BC6-432D-44DE-92FD-B82DF9EB96C9}.Debug|Any CPU.Build.0 = Debug|Any CPU
		{06408BC6-432D-44DE-92FD-B82DF9EB96C9}.Debug|Any CPU.Deploy.0 = Debug|Any CPU
		{06408BC6-432D-44DE-92FD-B82DF9EB96C9}.Release|Any CPU.ActiveCfg = Release|Any CPU
		{06408BC6-432D-44DE-92FD-B82DF9EB96C9}.Release|Any CPU.Build.0 = Release|Any CPU
		{06408BC6-432D-44DE-92FD-B82DF9EB96C9}.Release|Any CPU.Deploy.0 = Release|Any CPU
	EndGlobalSection
	GlobalSection(SolutionProperties) = preSolution
		HideSolutionNode = FALSE
	EndGlobalSection
	GlobalSection(ExtensibilityGlobals) = postSolution
		SolutionGuid = {851FB097-DE10-40B8-9396-FA35E721C283}
	EndGlobalSection
EndGlobal
