
Microsoft Visual Studio Solution File, Format Version 12.00
# Visual Studio Version 17
VisualStudioVersion = 17.9.34728.123
MinimumVisualStudioVersion = 10.0.40219.1
Project("{FAE04EC0-301F-11D3-BF4B-00C04F79EFBC}") = "WeatherApp", "WeatherApp\WeatherApp.csproj", "{5A72964E-553B-4AFE-ADFF-DF936FC19FE6}"
EndProject
Global
	GlobalSection(SolutionConfigurationPlatforms) = preSolution
		Debug|Any CPU = Debug|Any CPU
		Release|Any CPU = Release|Any CPU
	EndGlobalSection
	GlobalSection(ProjectConfigurationPlatforms) = postSolution
		{5A72964E-553B-4AFE-ADFF-DF936FC19FE6}.Debug|Any CPU.ActiveCfg = Debug|Any CPU
		{5A72964E-553B-4AFE-ADFF-DF936FC19FE6}.Debug|Any CPU.Build.0 = Debug|Any CPU
		{5A72964E-553B-4AFE-ADFF-DF936FC19FE6}.Release|Any CPU.ActiveCfg = Release|Any CPU
		{5A72964E-553B-4AFE-ADFF-DF936FC19FE6}.Release|Any CPU.Build.0 = Release|Any CPU
	EndGlobalSection
	GlobalSection(SolutionProperties) = preSolution
		HideSolutionNode = FALSE
	EndGlobalSection
	GlobalSection(ExtensibilityGlobals) = postSolution
		SolutionGuid = {CF123593-165D-4ADE-AE1A-F0B8616599A0}
	EndGlobalSection
EndGlobal
