
Microsoft Visual Studio Solution File, Format Version 12.00
# Visual Studio Version 17
VisualStudioVersion = 17.10.34928.147
MinimumVisualStudioVersion = 10.0.40219.1
Project("{FAE04EC0-301F-11D3-BF4B-00C04F79EFBC}") = "EmailSenderSSR", "EmailSenderSSR\EmailSenderSSR.csproj", "{ACF8B71C-A8DC-4598-BE13-BAB471F07060}"
EndProject
Global
	GlobalSection(SolutionConfigurationPlatforms) = preSolution
		Debug|Any CPU = Debug|Any CPU
		Release|Any CPU = Release|Any CPU
	EndGlobalSection
	GlobalSection(ProjectConfigurationPlatforms) = postSolution
		{ACF8B71C-A8DC-4598-BE13-BAB471F07060}.Debug|Any CPU.ActiveCfg = Debug|Any CPU
		{ACF8B71C-A8DC-4598-BE13-BAB471F07060}.Debug|Any CPU.Build.0 = Debug|Any CPU
		{ACF8B71C-A8DC-4598-BE13-BAB471F07060}.Release|Any CPU.ActiveCfg = Release|Any CPU
		{ACF8B71C-A8DC-4598-BE13-BAB471F07060}.Release|Any CPU.Build.0 = Release|Any CPU
	EndGlobalSection
	GlobalSection(SolutionProperties) = preSolution
		HideSolutionNode = FALSE
	EndGlobalSection
	GlobalSection(ExtensibilityGlobals) = postSolution
		SolutionGuid = {59869EEC-BB34-4812-8257-A763B2FCE13B}
	EndGlobalSection
EndGlobal
