
Microsoft Visual Studio Solution File, Format Version 12.00
# Visual Studio Version 17
VisualStudioVersion = 17.9.34728.123
MinimumVisualStudioVersion = 10.0.40219.1
Project("{FAE04EC0-301F-11D3-BF4B-00C04F79EFBC}") = "QuickGrid", "QuickGrid\QuickGrid.csproj", "{3B4EF995-5874-49A6-8911-ABD0E7900665}"
EndProject
Global
	GlobalSection(SolutionConfigurationPlatforms) = preSolution
		Debug|Any CPU = Debug|Any CPU
		Release|Any CPU = Release|Any CPU
	EndGlobalSection
	GlobalSection(ProjectConfigurationPlatforms) = postSolution
		{3B4EF995-5874-49A6-8911-ABD0E7900665}.Debug|Any CPU.ActiveCfg = Debug|Any CPU
		{3B4EF995-5874-49A6-8911-ABD0E7900665}.Debug|Any CPU.Build.0 = Debug|Any CPU
		{3B4EF995-5874-49A6-8911-ABD0E7900665}.Release|Any CPU.ActiveCfg = Release|Any CPU
		{3B4EF995-5874-49A6-8911-ABD0E7900665}.Release|Any CPU.Build.0 = Release|Any CPU
	EndGlobalSection
	GlobalSection(SolutionProperties) = preSolution
		HideSolutionNode = FALSE
	EndGlobalSection
	GlobalSection(ExtensibilityGlobals) = postSolution
		SolutionGuid = {6F0B594C-C2A0-4A02-9BF9-3742224FA9D2}
	EndGlobalSection
EndGlobal
