
Microsoft Visual Studio Solution File, Format Version 12.00
# Visual Studio Version 17
VisualStudioVersion = 17.9.34728.123
MinimumVisualStudioVersion = 10.0.40219.1
Project("{9A19103F-16F7-4668-BE54-9A1E7A4F7556}") = "StockOverview", "StockOverview\StockOverview.csproj", "{96BBFCAC-79D3-4777-8DE9-605AEB6D3187}"
EndProject
Global
	GlobalSection(SolutionConfigurationPlatforms) = preSolution
		Debug|Any CPU = Debug|Any CPU
		Release|Any CPU = Release|Any CPU
	EndGlobalSection
	GlobalSection(ProjectConfigurationPlatforms) = postSolution
		{96BBFCAC-79D3-4777-8DE9-605AEB6D3187}.Debug|Any CPU.ActiveCfg = Debug|Any CPU
		{96BBFCAC-79D3-4777-8DE9-605AEB6D3187}.Debug|Any CPU.Build.0 = Debug|Any CPU
		{96BBFCAC-79D3-4777-8DE9-605AEB6D3187}.Release|Any CPU.ActiveCfg = Release|Any CPU
		{96BBFCAC-79D3-4777-8DE9-605AEB6D3187}.Release|Any CPU.Build.0 = Release|Any CPU
	EndGlobalSection
	GlobalSection(SolutionProperties) = preSolution
		HideSolutionNode = FALSE
	EndGlobalSection
	GlobalSection(ExtensibilityGlobals) = postSolution
		SolutionGuid = {292EE63E-93AB-498D-B218-7C82E1BBB17A}
	EndGlobalSection
EndGlobal
