
Microsoft Visual Studio Solution File, Format Version 12.00
# Visual Studio Version 17
VisualStudioVersion = 17.9.34728.123
MinimumVisualStudioVersion = 10.0.40219.1
Project("{FAE04EC0-301F-11D3-BF4B-00C04F79EFBC}") = "SearchEngineOptimization", "SearchEngineOptimization\SearchEngineOptimization\SearchEngineOptimization.csproj", "{E4470DC8-CE0A-4183-8F0E-97DD641C121D}"
EndProject
Project("{FAE04EC0-301F-11D3-BF4B-00C04F79EFBC}") = "SearchEngineOptimization.Client", "SearchEngineOptimization\SearchEngineOptimization.Client\SearchEngineOptimization.Client.csproj", "{B0678901-9435-45B9-8889-20902A2EB67A}"
EndProject
Global
	GlobalSection(SolutionConfigurationPlatforms) = preSolution
		Debug|Any CPU = Debug|Any CPU
		Release|Any CPU = Release|Any CPU
	EndGlobalSection
	GlobalSection(ProjectConfigurationPlatforms) = postSolution
		{E4470DC8-CE0A-4183-8F0E-97DD641C121D}.Debug|Any CPU.ActiveCfg = Debug|Any CPU
		{E4470DC8-CE0A-4183-8F0E-97DD641C121D}.Debug|Any CPU.Build.0 = Debug|Any CPU
		{E4470DC8-CE0A-4183-8F0E-97DD641C121D}.Release|Any CPU.ActiveCfg = Release|Any CPU
		{E4470DC8-CE0A-4183-8F0E-97DD641C121D}.Release|Any CPU.Build.0 = Release|Any CPU
		{B0678901-9435-45B9-8889-20902A2EB67A}.Debug|Any CPU.ActiveCfg = Debug|Any CPU
		{B0678901-9435-45B9-8889-20902A2EB67A}.Debug|Any CPU.Build.0 = Debug|Any CPU
		{B0678901-9435-45B9-8889-20902A2EB67A}.Release|Any CPU.ActiveCfg = Release|Any CPU
		{B0678901-9435-45B9-8889-20902A2EB67A}.Release|Any CPU.Build.0 = Release|Any CPU
	EndGlobalSection
	GlobalSection(SolutionProperties) = preSolution
		HideSolutionNode = FALSE
	EndGlobalSection
	GlobalSection(ExtensibilityGlobals) = postSolution
		SolutionGuid = {73DBA87D-932F-44ED-AE38-29351F0A7B02}
	EndGlobalSection
EndGlobal
