
Microsoft Visual Studio Solution File, Format Version 12.00
# Visual Studio Version 17
VisualStudioVersion = 17.9.34607.119
MinimumVisualStudioVersion = 10.0.40219.1
Project("{9A19103F-16F7-4668-BE54-9A1E7A4F7556}") = "1-RenderModes", "1-RenderModes\1-RenderModes\1-RenderModes.csproj", "{84A9D650-D4C9-47DD-B6D6-40B17F340243}"
EndProject
Project("{9A19103F-16F7-4668-BE54-9A1E7A4F7556}") = "1-RenderModes.Client", "1-RenderModes\1-RenderModes.Client\1-RenderModes.Client.csproj", "{29EB5585-BE0D-4BBC-B241-694D33A3A6B5}"
EndProject
Project("{FAE04EC0-301F-11D3-BF4B-00C04F79EFBC}") = "1-RenderModes.Shared", "1-RenderModes.Shared\1-RenderModes.Shared.csproj", "{5AD31EED-037B-46A1-9DF5-C24037C69A5C}"
EndProject
Global
	GlobalSection(SolutionConfigurationPlatforms) = preSolution
		Debug|Any CPU = Debug|Any CPU
		Release|Any CPU = Release|Any CPU
	EndGlobalSection
	GlobalSection(ProjectConfigurationPlatforms) = postSolution
		{84A9D650-D4C9-47DD-B6D6-40B17F340243}.Debug|Any CPU.ActiveCfg = Debug|Any CPU
		{84A9D650-D4C9-47DD-B6D6-40B17F340243}.Debug|Any CPU.Build.0 = Debug|Any CPU
		{84A9D650-D4C9-47DD-B6D6-40B17F340243}.Release|Any CPU.ActiveCfg = Release|Any CPU
		{84A9D650-D4C9-47DD-B6D6-40B17F340243}.Release|Any CPU.Build.0 = Release|Any CPU
		{29EB5585-BE0D-4BBC-B241-694D33A3A6B5}.Debug|Any CPU.ActiveCfg = Debug|Any CPU
		{29EB5585-BE0D-4BBC-B241-694D33A3A6B5}.Debug|Any CPU.Build.0 = Debug|Any CPU
		{29EB5585-BE0D-4BBC-B241-694D33A3A6B5}.Release|Any CPU.ActiveCfg = Release|Any CPU
		{29EB5585-BE0D-4BBC-B241-694D33A3A6B5}.Release|Any CPU.Build.0 = Release|Any CPU
		{5AD31EED-037B-46A1-9DF5-C24037C69A5C}.Debug|Any CPU.ActiveCfg = Debug|Any CPU
		{5AD31EED-037B-46A1-9DF5-C24037C69A5C}.Debug|Any CPU.Build.0 = Debug|Any CPU
		{5AD31EED-037B-46A1-9DF5-C24037C69A5C}.Release|Any CPU.ActiveCfg = Release|Any CPU
		{5AD31EED-037B-46A1-9DF5-C24037C69A5C}.Release|Any CPU.Build.0 = Release|Any CPU
	EndGlobalSection
	GlobalSection(SolutionProperties) = preSolution
		HideSolutionNode = FALSE
	EndGlobalSection
	GlobalSection(ExtensibilityGlobals) = postSolution
		SolutionGuid = {1E68BA82-239D-4840-B35E-782E9823DF88}
	EndGlobalSection
EndGlobal
