
Microsoft Visual Studio Solution File, Format Version 12.00
# Visual Studio Version 17
VisualStudioVersion = 17.9.34728.123
MinimumVisualStudioVersion = 10.0.40219.1
Project("{2150E333-8FDC-42A3-9474-1A3956D46DE8}") = "src", "src", "{DF359F5B-31B0-441E-A36F-CFDF941E9928}"
EndProject
Project("{9A19103F-16F7-4668-BE54-9A1E7A4F7556}") = "Domain", "src\Domain\Domain.csproj", "{18587D3D-D5A6-4C37-A152-6E5E20937C91}"
EndProject
Project("{9A19103F-16F7-4668-BE54-9A1E7A4F7556}") = "DataAccess", "src\DataAccess\DataAccess.csproj", "{B317EE6A-09B9-4EFB-8F5C-E244428D64A4}"
EndProject
Project("{9A19103F-16F7-4668-BE54-9A1E7A4F7556}") = "Interactors", "src\Interactors\Interactors.csproj", "{E204A5D4-57B1-4716-80D9-683A8C24721E}"
EndProject
Project("{9A19103F-16F7-4668-BE54-9A1E7A4F7556}") = "WebApi", "src\WebApi\WebApi.csproj", "{5A5F18CF-0DA7-4E94-BC8F-EA91984B81CA}"
EndProject
Project("{2150E333-8FDC-42A3-9474-1A3956D46DE8}") = "tests", "tests", "{CDCC8526-5F1B-4803-BCFD-65AADA2F46FA}"
EndProject
Project("{9A19103F-16F7-4668-BE54-9A1E7A4F7556}") = "UnitTests", "tests\UnitTests\UnitTests.csproj", "{F9E17E75-A70A-4EDA-BDA3-EA90B78B2AE2}"
EndProject
Project("{2150E333-8FDC-42A3-9474-1A3956D46DE8}") = "frontend", "frontend", "{83D32A4B-8E4F-4E51-86FD-22081EB6A2E9}"
EndProject
Project("{9A19103F-16F7-4668-BE54-9A1E7A4F7556}") = "BlazorUI", "frontend\BlazorUI\BlazorUI.csproj", "{13BCDE67-365D-4BF3-8768-5F6C7CCDEEDC}"
EndProject
Global
	GlobalSection(SolutionConfigurationPlatforms) = preSolution
		Debug|Any CPU = Debug|Any CPU
		Debug|x64 = Debug|x64
		Debug|x86 = Debug|x86
		Release|Any CPU = Release|Any CPU
		Release|x64 = Release|x64
		Release|x86 = Release|x86
	EndGlobalSection
	GlobalSection(ProjectConfigurationPlatforms) = postSolution
		{18587D3D-D5A6-4C37-A152-6E5E20937C91}.Debug|Any CPU.ActiveCfg = Debug|Any CPU
		{18587D3D-D5A6-4C37-A152-6E5E20937C91}.Debug|Any CPU.Build.0 = Debug|Any CPU
		{18587D3D-D5A6-4C37-A152-6E5E20937C91}.Debug|x64.ActiveCfg = Debug|Any CPU
		{18587D3D-D5A6-4C37-A152-6E5E20937C91}.Debug|x64.Build.0 = Debug|Any CPU
		{18587D3D-D5A6-4C37-A152-6E5E20937C91}.Debug|x86.ActiveCfg = Debug|Any CPU
		{18587D3D-D5A6-4C37-A152-6E5E20937C91}.Debug|x86.Build.0 = Debug|Any CPU
		{18587D3D-D5A6-4C37-A152-6E5E20937C91}.Release|Any CPU.ActiveCfg = Release|Any CPU
		{18587D3D-D5A6-4C37-A152-6E5E20937C91}.Release|Any CPU.Build.0 = Release|Any CPU
		{18587D3D-D5A6-4C37-A152-6E5E20937C91}.Release|x64.ActiveCfg = Release|Any CPU
		{18587D3D-D5A6-4C37-A152-6E5E20937C91}.Release|x64.Build.0 = Release|Any CPU
		{18587D3D-D5A6-4C37-A152-6E5E20937C91}.Release|x86.ActiveCfg = Release|Any CPU
		{18587D3D-D5A6-4C37-A152-6E5E20937C91}.Release|x86.Build.0 = Release|Any CPU
		{B317EE6A-09B9-4EFB-8F5C-E244428D64A4}.Debug|Any CPU.ActiveCfg = Debug|Any CPU
		{B317EE6A-09B9-4EFB-8F5C-E244428D64A4}.Debug|Any CPU.Build.0 = Debug|Any CPU
		{B317EE6A-09B9-4EFB-8F5C-E244428D64A4}.Debug|x64.ActiveCfg = Debug|Any CPU
		{B317EE6A-09B9-4EFB-8F5C-E244428D64A4}.Debug|x64.Build.0 = Debug|Any CPU
		{B317EE6A-09B9-4EFB-8F5C-E244428D64A4}.Debug|x86.ActiveCfg = Debug|Any CPU
		{B317EE6A-09B9-4EFB-8F5C-E244428D64A4}.Debug|x86.Build.0 = Debug|Any CPU
		{B317EE6A-09B9-4EFB-8F5C-E244428D64A4}.Release|Any CPU.ActiveCfg = Release|Any CPU
		{B317EE6A-09B9-4EFB-8F5C-E244428D64A4}.Release|Any CPU.Build.0 = Release|Any CPU
		{B317EE6A-09B9-4EFB-8F5C-E244428D64A4}.Release|x64.ActiveCfg = Release|Any CPU
		{B317EE6A-09B9-4EFB-8F5C-E244428D64A4}.Release|x64.Build.0 = Release|Any CPU
		{B317EE6A-09B9-4EFB-8F5C-E244428D64A4}.Release|x86.ActiveCfg = Release|Any CPU
		{B317EE6A-09B9-4EFB-8F5C-E244428D64A4}.Release|x86.Build.0 = Release|Any CPU
		{E204A5D4-57B1-4716-80D9-683A8C24721E}.Debug|Any CPU.ActiveCfg = Debug|Any CPU
		{E204A5D4-57B1-4716-80D9-683A8C24721E}.Debug|Any CPU.Build.0 = Debug|Any CPU
		{E204A5D4-57B1-4716-80D9-683A8C24721E}.Debug|x64.ActiveCfg = Debug|Any CPU
		{E204A5D4-57B1-4716-80D9-683A8C24721E}.Debug|x64.Build.0 = Debug|Any CPU
		{E204A5D4-57B1-4716-80D9-683A8C24721E}.Debug|x86.ActiveCfg = Debug|Any CPU
		{E204A5D4-57B1-4716-80D9-683A8C24721E}.Debug|x86.Build.0 = Debug|Any CPU
		{E204A5D4-57B1-4716-80D9-683A8C24721E}.Release|Any CPU.ActiveCfg = Release|Any CPU
		{E204A5D4-57B1-4716-80D9-683A8C24721E}.Release|Any CPU.Build.0 = Release|Any CPU
		{E204A5D4-57B1-4716-80D9-683A8C24721E}.Release|x64.ActiveCfg = Release|Any CPU
		{E204A5D4-57B1-4716-80D9-683A8C24721E}.Release|x64.Build.0 = Release|Any CPU
		{E204A5D4-57B1-4716-80D9-683A8C24721E}.Release|x86.ActiveCfg = Release|Any CPU
		{E204A5D4-57B1-4716-80D9-683A8C24721E}.Release|x86.Build.0 = Release|Any CPU
		{5A5F18CF-0DA7-4E94-BC8F-EA91984B81CA}.Debug|Any CPU.ActiveCfg = Debug|Any CPU
		{5A5F18CF-0DA7-4E94-BC8F-EA91984B81CA}.Debug|Any CPU.Build.0 = Debug|Any CPU
		{5A5F18CF-0DA7-4E94-BC8F-EA91984B81CA}.Debug|x64.ActiveCfg = Debug|Any CPU
		{5A5F18CF-0DA7-4E94-BC8F-EA91984B81CA}.Debug|x64.Build.0 = Debug|Any CPU
		{5A5F18CF-0DA7-4E94-BC8F-EA91984B81CA}.Debug|x86.ActiveCfg = Debug|Any CPU
		{5A5F18CF-0DA7-4E94-BC8F-EA91984B81CA}.Debug|x86.Build.0 = Debug|Any CPU
		{5A5F18CF-0DA7-4E94-BC8F-EA91984B81CA}.Release|Any CPU.ActiveCfg = Release|Any CPU
		{5A5F18CF-0DA7-4E94-BC8F-EA91984B81CA}.Release|Any CPU.Build.0 = Release|Any CPU
		{5A5F18CF-0DA7-4E94-BC8F-EA91984B81CA}.Release|x64.ActiveCfg = Release|Any CPU
		{5A5F18CF-0DA7-4E94-BC8F-EA91984B81CA}.Release|x64.Build.0 = Release|Any CPU
		{5A5F18CF-0DA7-4E94-BC8F-EA91984B81CA}.Release|x86.ActiveCfg = Release|Any CPU
		{5A5F18CF-0DA7-4E94-BC8F-EA91984B81CA}.Release|x86.Build.0 = Release|Any CPU
		{F9E17E75-A70A-4EDA-BDA3-EA90B78B2AE2}.Debug|Any CPU.ActiveCfg = Debug|Any CPU
		{F9E17E75-A70A-4EDA-BDA3-EA90B78B2AE2}.Debug|Any CPU.Build.0 = Debug|Any CPU
		{F9E17E75-A70A-4EDA-BDA3-EA90B78B2AE2}.Debug|x64.ActiveCfg = Debug|Any CPU
		{F9E17E75-A70A-4EDA-BDA3-EA90B78B2AE2}.Debug|x64.Build.0 = Debug|Any CPU
		{F9E17E75-A70A-4EDA-BDA3-EA90B78B2AE2}.Debug|x86.ActiveCfg = Debug|Any CPU
		{F9E17E75-A70A-4EDA-BDA3-EA90B78B2AE2}.Debug|x86.Build.0 = Debug|Any CPU
		{F9E17E75-A70A-4EDA-BDA3-EA90B78B2AE2}.Release|Any CPU.ActiveCfg = Release|Any CPU
		{F9E17E75-A70A-4EDA-BDA3-EA90B78B2AE2}.Release|Any CPU.Build.0 = Release|Any CPU
		{F9E17E75-A70A-4EDA-BDA3-EA90B78B2AE2}.Release|x64.ActiveCfg = Release|Any CPU
		{F9E17E75-A70A-4EDA-BDA3-EA90B78B2AE2}.Release|x64.Build.0 = Release|Any CPU
		{F9E17E75-A70A-4EDA-BDA3-EA90B78B2AE2}.Release|x86.ActiveCfg = Release|Any CPU
		{F9E17E75-A70A-4EDA-BDA3-EA90B78B2AE2}.Release|x86.Build.0 = Release|Any CPU
		{13BCDE67-365D-4BF3-8768-5F6C7CCDEEDC}.Debug|Any CPU.ActiveCfg = Debug|Any CPU
		{13BCDE67-365D-4BF3-8768-5F6C7CCDEEDC}.Debug|Any CPU.Build.0 = Debug|Any CPU
		{13BCDE67-365D-4BF3-8768-5F6C7CCDEEDC}.Debug|x64.ActiveCfg = Debug|Any CPU
		{13BCDE67-365D-4BF3-8768-5F6C7CCDEEDC}.Debug|x64.Build.0 = Debug|Any CPU
		{13BCDE67-365D-4BF3-8768-5F6C7CCDEEDC}.Debug|x86.ActiveCfg = Debug|Any CPU
		{13BCDE67-365D-4BF3-8768-5F6C7CCDEEDC}.Debug|x86.Build.0 = Debug|Any CPU
		{13BCDE67-365D-4BF3-8768-5F6C7CCDEEDC}.Release|Any CPU.ActiveCfg = Release|Any CPU
		{13BCDE67-365D-4BF3-8768-5F6C7CCDEEDC}.Release|Any CPU.Build.0 = Release|Any CPU
		{13BCDE67-365D-4BF3-8768-5F6C7CCDEEDC}.Release|x64.ActiveCfg = Release|Any CPU
		{13BCDE67-365D-4BF3-8768-5F6C7CCDEEDC}.Release|x64.Build.0 = Release|Any CPU
		{13BCDE67-365D-4BF3-8768-5F6C7CCDEEDC}.Release|x86.ActiveCfg = Release|Any CPU
		{13BCDE67-365D-4BF3-8768-5F6C7CCDEEDC}.Release|x86.Build.0 = Release|Any CPU
	EndGlobalSection
	GlobalSection(SolutionProperties) = preSolution
		HideSolutionNode = FALSE
	EndGlobalSection
	GlobalSection(NestedProjects) = preSolution
		{18587D3D-D5A6-4C37-A152-6E5E20937C91} = {DF359F5B-31B0-441E-A36F-CFDF941E9928}
		{B317EE6A-09B9-4EFB-8F5C-E244428D64A4} = {DF359F5B-31B0-441E-A36F-CFDF941E9928}
		{E204A5D4-57B1-4716-80D9-683A8C24721E} = {DF359F5B-31B0-441E-A36F-CFDF941E9928}
		{5A5F18CF-0DA7-4E94-BC8F-EA91984B81CA} = {DF359F5B-31B0-441E-A36F-CFDF941E9928}
		{F9E17E75-A70A-4EDA-BDA3-EA90B78B2AE2} = {CDCC8526-5F1B-4803-BCFD-65AADA2F46FA}
		{13BCDE67-365D-4BF3-8768-5F6C7CCDEEDC} = {83D32A4B-8E4F-4E51-86FD-22081EB6A2E9}
	EndGlobalSection
	GlobalSection(ExtensibilityGlobals) = postSolution
		SolutionGuid = {A2AD63BA-8CD9-46CA-8F71-88231142C846}
	EndGlobalSection
EndGlobal
