
Microsoft Visual Studio Solution File, Format Version 12.00
# Visual Studio Version 17
VisualStudioVersion = 17.9.34728.123
MinimumVisualStudioVersion = 10.0.40219.1
Project("{9A19103F-16F7-4668-BE54-9A1E7A4F7556}") = "ComponentLibrary", "ComponentLibrary\ComponentLibrary.csproj", "{12026AB7-46F7-4158-9B95-C8F40A8357D6}"
EndProject
Project("{FAE04EC0-301F-11D3-BF4B-00C04F79EFBC}") = "Components", "Components\Components.csproj", "{7CCE11AC-FC0B-47BE-93BE-6C703145BB0B}"
EndProject
Global
	GlobalSection(SolutionConfigurationPlatforms) = preSolution
		Debug|Any CPU = Debug|Any CPU
		Release|Any CPU = Release|Any CPU
	EndGlobalSection
	GlobalSection(ProjectConfigurationPlatforms) = postSolution
		{12026AB7-46F7-4158-9B95-C8F40A8357D6}.Debug|Any CPU.ActiveCfg = Debug|Any CPU
		{12026AB7-46F7-4158-9B95-C8F40A8357D6}.Debug|Any CPU.Build.0 = Debug|Any CPU
		{12026AB7-46F7-4158-9B95-C8F40A8357D6}.Release|Any CPU.ActiveCfg = Release|Any CPU
		{12026AB7-46F7-4158-9B95-C8F40A8357D6}.Release|Any CPU.Build.0 = Release|Any CPU
		{7CCE11AC-FC0B-47BE-93BE-6C703145BB0B}.Debug|Any CPU.ActiveCfg = Debug|Any CPU
		{7CCE11AC-FC0B-47BE-93BE-6C703145BB0B}.Debug|Any CPU.Build.0 = Debug|Any CPU
		{7CCE11AC-FC0B-47BE-93BE-6C703145BB0B}.Release|Any CPU.ActiveCfg = Release|Any CPU
		{7CCE11AC-FC0B-47BE-93BE-6C703145BB0B}.Release|Any CPU.Build.0 = Release|Any CPU
	EndGlobalSection
	GlobalSection(SolutionProperties) = preSolution
		HideSolutionNode = FALSE
	EndGlobalSection
	GlobalSection(ExtensibilityGlobals) = postSolution
		SolutionGuid = {AE7D6F21-DBA4-473D-B787-CC34AE2C5123}
	EndGlobalSection
EndGlobal
