
Microsoft Visual Studio Solution File, Format Version 12.00
# Visual Studio Version 17
VisualStudioVersion = 17.9.34723.18
MinimumVisualStudioVersion = 10.0.40219.1
Project("{9A19103F-16F7-4668-BE54-9A1E7A4F7556}") = "SSR-CRUD", "SSR-CRUD\SSR-CRUD.csproj", "{286073EF-45EA-4E11-B50F-DF61B631D83D}"
EndProject
Global
	GlobalSection(SolutionConfigurationPlatforms) = preSolution
		Debug|Any CPU = Debug|Any CPU
		Release|Any CPU = Release|Any CPU
	EndGlobalSection
	GlobalSection(ProjectConfigurationPlatforms) = postSolution
		{286073EF-45EA-4E11-B50F-DF61B631D83D}.Debug|Any CPU.ActiveCfg = Debug|Any CPU
		{286073EF-45EA-4E11-B50F-DF61B631D83D}.Debug|Any CPU.Build.0 = Debug|Any CPU
		{286073EF-45EA-4E11-B50F-DF61B631D83D}.Release|Any CPU.ActiveCfg = Release|Any CPU
		{286073EF-45EA-4E11-B50F-DF61B631D83D}.Release|Any CPU.Build.0 = Release|Any CPU
	EndGlobalSection
	GlobalSection(SolutionProperties) = preSolution
		HideSolutionNode = FALSE
	EndGlobalSection
	GlobalSection(ExtensibilityGlobals) = postSolution
		SolutionGuid = {8C93F2E3-5513-4020-88EE-68AFBC6D7F83}
	EndGlobalSection
EndGlobal
