
Microsoft Visual Studio Solution File, Format Version 12.00
# Visual Studio Version 17
VisualStudioVersion = 17.9.34728.123
MinimumVisualStudioVersion = 10.0.40219.1
Project("{FAE04EC0-301F-11D3-BF4B-00C04F79EFBC}") = "ChatApp", "ChatApp\ChatApp\ChatApp.csproj", "{D957E598-817B-4430-BA6C-05F30D455849}"
EndProject
Project("{FAE04EC0-301F-11D3-BF4B-00C04F79EFBC}") = "ChatApp.Client", "ChatApp\ChatApp.Client\ChatApp.Client.csproj", "{F59439B0-5990-481F-BE2C-16925F4AF6E5}"
EndProject
Global
	GlobalSection(SolutionConfigurationPlatforms) = preSolution
		Debug|Any CPU = Debug|Any CPU
		Release|Any CPU = Release|Any CPU
	EndGlobalSection
	GlobalSection(ProjectConfigurationPlatforms) = postSolution
		{D957E598-817B-4430-BA6C-05F30D455849}.Debug|Any CPU.ActiveCfg = Debug|Any CPU
		{D957E598-817B-4430-BA6C-05F30D455849}.Debug|Any CPU.Build.0 = Debug|Any CPU
		{D957E598-817B-4430-BA6C-05F30D455849}.Release|Any CPU.ActiveCfg = Release|Any CPU
		{D957E598-817B-4430-BA6C-05F30D455849}.Release|Any CPU.Build.0 = Release|Any CPU
		{F59439B0-5990-481F-BE2C-16925F4AF6E5}.Debug|Any CPU.ActiveCfg = Debug|Any CPU
		{F59439B0-5990-481F-BE2C-16925F4AF6E5}.Debug|Any CPU.Build.0 = Debug|Any CPU
		{F59439B0-5990-481F-BE2C-16925F4AF6E5}.Release|Any CPU.ActiveCfg = Release|Any CPU
		{F59439B0-5990-481F-BE2C-16925F4AF6E5}.Release|Any CPU.Build.0 = Release|Any CPU
	EndGlobalSection
	GlobalSection(SolutionProperties) = preSolution
		HideSolutionNode = FALSE
	EndGlobalSection
	GlobalSection(ExtensibilityGlobals) = postSolution
		SolutionGuid = {4107EDC7-E83B-4D5A-AA22-62D071B120BD}
	EndGlobalSection
EndGlobal
