
Microsoft Visual Studio Solution File, Format Version 12.00
# Visual Studio Version 17
VisualStudioVersion = 17.8.34525.116
MinimumVisualStudioVersion = 10.0.40219.1
Project("{2150E333-8FDC-42A3-9474-1A3956D46DE8}") = "src", "src", "{4E6C018A-2695-48C1-8A9D-76086F6C7B8C}"
EndProject
Project("{9A19103F-16F7-4668-BE54-9A1E7A4F7556}") = "CleanBlog.Presentation.Server", "CleanBlog.Presentation.Server\CleanBlog.Presentation.Server.csproj", "{267093EE-80A2-4D67-9076-FAFD41F22467}"
EndProject
Project("{9A19103F-16F7-4668-BE54-9A1E7A4F7556}") = "CleanBlog.Domain", "CleanBlog.Domain\CleanBlog.Domain.csproj", "{930BE164-8F6F-410F-9F47-37FA1D0FC489}"
EndProject
Project("{9A19103F-16F7-4668-BE54-9A1E7A4F7556}") = "CleanBlog.Application", "CleanBlog.Application\CleanBlog.Application.csproj", "{B95EB7DE-CD2A-4066-B976-E2734CD6D48C}"
EndProject
Project("{9A19103F-16F7-4668-BE54-9A1E7A4F7556}") = "CleanBlog.Infrastructure", "CleanBlog.Infrastructure\CleanBlog.Infrastructure.csproj", "{C08A9232-3070-4172-92EB-9D989ADEBB40}"
EndProject
Global
	GlobalSection(SolutionConfigurationPlatforms) = preSolution
		Debug|Any CPU = Debug|Any CPU
		Release|Any CPU = Release|Any CPU
	EndGlobalSection
	GlobalSection(ProjectConfigurationPlatforms) = postSolution
		{267093EE-80A2-4D67-9076-FAFD41F22467}.Debug|Any CPU.ActiveCfg = Debug|Any CPU
		{267093EE-80A2-4D67-9076-FAFD41F22467}.Debug|Any CPU.Build.0 = Debug|Any CPU
		{267093EE-80A2-4D67-9076-FAFD41F22467}.Release|Any CPU.ActiveCfg = Release|Any CPU
		{267093EE-80A2-4D67-9076-FAFD41F22467}.Release|Any CPU.Build.0 = Release|Any CPU
		{930BE164-8F6F-410F-9F47-37FA1D0FC489}.Debug|Any CPU.ActiveCfg = Debug|Any CPU
		{930BE164-8F6F-410F-9F47-37FA1D0FC489}.Debug|Any CPU.Build.0 = Debug|Any CPU
		{930BE164-8F6F-410F-9F47-37FA1D0FC489}.Release|Any CPU.ActiveCfg = Release|Any CPU
		{930BE164-8F6F-410F-9F47-37FA1D0FC489}.Release|Any CPU.Build.0 = Release|Any CPU
		{B95EB7DE-CD2A-4066-B976-E2734CD6D48C}.Debug|Any CPU.ActiveCfg = Debug|Any CPU
		{B95EB7DE-CD2A-4066-B976-E2734CD6D48C}.Debug|Any CPU.Build.0 = Debug|Any CPU
		{B95EB7DE-CD2A-4066-B976-E2734CD6D48C}.Release|Any CPU.ActiveCfg = Release|Any CPU
		{B95EB7DE-CD2A-4066-B976-E2734CD6D48C}.Release|Any CPU.Build.0 = Release|Any CPU
		{C08A9232-3070-4172-92EB-9D989ADEBB40}.Debug|Any CPU.ActiveCfg = Debug|Any CPU
		{C08A9232-3070-4172-92EB-9D989ADEBB40}.Debug|Any CPU.Build.0 = Debug|Any CPU
		{C08A9232-3070-4172-92EB-9D989ADEBB40}.Release|Any CPU.ActiveCfg = Release|Any CPU
		{C08A9232-3070-4172-92EB-9D989ADEBB40}.Release|Any CPU.Build.0 = Release|Any CPU
	EndGlobalSection
	GlobalSection(SolutionProperties) = preSolution
		HideSolutionNode = FALSE
	EndGlobalSection
	GlobalSection(NestedProjects) = preSolution
		{267093EE-80A2-4D67-9076-FAFD41F22467} = {4E6C018A-2695-48C1-8A9D-76086F6C7B8C}
		{930BE164-8F6F-410F-9F47-37FA1D0FC489} = {4E6C018A-2695-48C1-8A9D-76086F6C7B8C}
		{B95EB7DE-CD2A-4066-B976-E2734CD6D48C} = {4E6C018A-2695-48C1-8A9D-76086F6C7B8C}
		{C08A9232-3070-4172-92EB-9D989ADEBB40} = {4E6C018A-2695-48C1-8A9D-76086F6C7B8C}
	EndGlobalSection
	GlobalSection(ExtensibilityGlobals) = postSolution
		SolutionGuid = {2492B023-D782-4F99-A8A5-6ACAADE87603}
	EndGlobalSection
EndGlobal
