
Microsoft Visual Studio Solution File, Format Version 12.00
# Visual Studio Version 17
VisualStudioVersion = 17.9.34728.123
MinimumVisualStudioVersion = 10.0.40219.1
Project("{FAE04EC0-301F-11D3-BF4B-00C04F79EFBC}") = "Sections", "Sections\Sections.csproj", "{B2E8B096-22A4-4F3B-8F94-DED099CCE6DC}"
EndProject
Global
	GlobalSection(SolutionConfigurationPlatforms) = preSolution
		Debug|Any CPU = Debug|Any CPU
		Release|Any CPU = Release|Any CPU
	EndGlobalSection
	GlobalSection(ProjectConfigurationPlatforms) = postSolution
		{B2E8B096-22A4-4F3B-8F94-DED099CCE6DC}.Debug|Any CPU.ActiveCfg = Debug|Any CPU
		{B2E8B096-22A4-4F3B-8F94-DED099CCE6DC}.Debug|Any CPU.Build.0 = Debug|Any CPU
		{B2E8B096-22A4-4F3B-8F94-DED099CCE6DC}.Release|Any CPU.ActiveCfg = Release|Any CPU
		{B2E8B096-22A4-4F3B-8F94-DED099CCE6DC}.Release|Any CPU.Build.0 = Release|Any CPU
	EndGlobalSection
	GlobalSection(SolutionProperties) = preSolution
		HideSolutionNode = FALSE
	EndGlobalSection
	GlobalSection(ExtensibilityGlobals) = postSolution
		SolutionGuid = {BE88FCFB-E796-4FBB-AD1D-4D187B9C4A4B}
	EndGlobalSection
EndGlobal
