
Microsoft Visual Studio Solution File, Format Version 12.00
# Visual Studio Version 17
VisualStudioVersion = 17.9.34728.123
MinimumVisualStudioVersion = 10.0.40219.1
Project("{FAE04EC0-301F-11D3-BF4B-00C04F79EFBC}") = "VotingSystem", "VotingSystem\VotingSystem.csproj", "{94354E24-F8A0-4904-BC2F-08D0D6186E89}"
EndProject
Global
	GlobalSection(SolutionConfigurationPlatforms) = preSolution
		Debug|Any CPU = Debug|Any CPU
		Release|Any CPU = Release|Any CPU
	EndGlobalSection
	GlobalSection(ProjectConfigurationPlatforms) = postSolution
		{94354E24-F8A0-4904-BC2F-08D0D6186E89}.Debug|Any CPU.ActiveCfg = Debug|Any CPU
		{94354E24-F8A0-4904-BC2F-08D0D6186E89}.Debug|Any CPU.Build.0 = Debug|Any CPU
		{94354E24-F8A0-4904-BC2F-08D0D6186E89}.Release|Any CPU.ActiveCfg = Release|Any CPU
		{94354E24-F8A0-4904-BC2F-08D0D6186E89}.Release|Any CPU.Build.0 = Release|Any CPU
	EndGlobalSection
	GlobalSection(SolutionProperties) = preSolution
		HideSolutionNode = FALSE
	EndGlobalSection
	GlobalSection(ExtensibilityGlobals) = postSolution
		SolutionGuid = {E40AD236-89A9-401B-8315-EF945F93E9E0}
	EndGlobalSection
EndGlobal
